
Microsoft Visual Studio Solution File, Format Version 12.00
# Visual Studio 15
VisualStudioVersion = 15.0.26228.9
MinimumVisualStudioVersion = 10.0.40219.1
Project("{2150E333-8FDC-42A3-9474-1A3956D46DE8}") = "src", "src", "{C5C9ED59-4937-4C56-B875-78856A1EA1C9}"
EndProject
Project("{2150E333-8FDC-42A3-9474-1A3956D46DE8}") = "test", "test", "{089B1A50-EA81-4190-8A76-66D5DF8BAC6E}"
EndProject
Project("{9A19103F-16F7-4668-BE54-9A1E7A4F7556}") = "RemoteClient.Client", "src\RemoteClient.Client\RemoteClient.Client.csproj", "{ED98C232-A5F2-4DFC-86BF-D63B40BB236A}"
EndProject
Project("{9A19103F-16F7-4668-BE54-9A1E7A4F7556}") = "RemoteClient.Core", "src\RemoteClient.Core\RemoteClient.Core.csproj", "{DCCBC8B7-59FD-4050-A972-D103C175DEE3}"
EndProject
Project("{9A19103F-16F7-4668-BE54-9A1E7A4F7556}") = "RemoteClient.Test", "test\RemoteClient.Test\RemoteClient.Test.csproj", "{9E963637-30D8-4859-8203-76783D0BFDD1}"
EndProject
Project("{FAE04EC0-301F-11D3-BF4B-00C04F79EFBC}") = "RemoteClient.WcfTest", "test\RemoteClient.WcfTest\RemoteClient.WcfTest.csproj", "{27F71A56-F24E-4424-8F8F-67C038A37CC2}"
EndProject
Global
	GlobalSection(SolutionConfigurationPlatforms) = preSolution
		Debug|Any CPU = Debug|Any CPU
		Debug|x64 = Debug|x64
		Debug|x86 = Debug|x86
		Release|Any CPU = Release|Any CPU
		Release|x64 = Release|x64
		Release|x86 = Release|x86
	EndGlobalSection
	GlobalSection(ProjectConfigurationPlatforms) = postSolution
		{ED98C232-A5F2-4DFC-86BF-D63B40BB236A}.Debug|Any CPU.ActiveCfg = Debug|Any CPU
		{ED98C232-A5F2-4DFC-86BF-D63B40BB236A}.Debug|Any CPU.Build.0 = Debug|Any CPU
		{ED98C232-A5F2-4DFC-86BF-D63B40BB236A}.Debug|x64.ActiveCfg = Debug|Any CPU
		{ED98C232-A5F2-4DFC-86BF-D63B40BB236A}.Debug|x64.Build.0 = Debug|Any CPU
		{ED98C232-A5F2-4DFC-86BF-D63B40BB236A}.Debug|x86.ActiveCfg = Debug|Any CPU
		{ED98C232-A5F2-4DFC-86BF-D63B40BB236A}.Debug|x86.Build.0 = Debug|Any CPU
		{ED98C232-A5F2-4DFC-86BF-D63B40BB236A}.Release|Any CPU.ActiveCfg = Release|Any CPU
		{ED98C232-A5F2-4DFC-86BF-D63B40BB236A}.Release|Any CPU.Build.0 = Release|Any CPU
		{ED98C232-A5F2-4DFC-86BF-D63B40BB236A}.Release|x64.ActiveCfg = Release|Any CPU
		{ED98C232-A5F2-4DFC-86BF-D63B40BB236A}.Release|x64.Build.0 = Release|Any CPU
		{ED98C232-A5F2-4DFC-86BF-D63B40BB236A}.Release|x86.ActiveCfg = Release|Any CPU
		{ED98C232-A5F2-4DFC-86BF-D63B40BB236A}.Release|x86.Build.0 = Release|Any CPU
		{DCCBC8B7-59FD-4050-A972-D103C175DEE3}.Debug|Any CPU.ActiveCfg = Debug|Any CPU
		{DCCBC8B7-59FD-4050-A972-D103C175DEE3}.Debug|Any CPU.Build.0 = Debug|Any CPU
		{DCCBC8B7-59FD-4050-A972-D103C175DEE3}.Debug|x64.ActiveCfg = Debug|Any CPU
		{DCCBC8B7-59FD-4050-A972-D103C175DEE3}.Debug|x64.Build.0 = Debug|Any CPU
		{DCCBC8B7-59FD-4050-A972-D103C175DEE3}.Debug|x86.ActiveCfg = Debug|Any CPU
		{DCCBC8B7-59FD-4050-A972-D103C175DEE3}.Debug|x86.Build.0 = Debug|Any CPU
		{DCCBC8B7-59FD-4050-A972-D103C175DEE3}.Release|Any CPU.ActiveCfg = Release|Any CPU
		{DCCBC8B7-59FD-4050-A972-D103C175DEE3}.Release|Any CPU.Build.0 = Release|Any CPU
		{DCCBC8B7-59FD-4050-A972-D103C175DEE3}.Release|x64.ActiveCfg = Release|Any CPU
		{DCCBC8B7-59FD-4050-A972-D103C175DEE3}.Release|x64.Build.0 = Release|Any CPU
		{DCCBC8B7-59FD-4050-A972-D103C175DEE3}.Release|x86.ActiveCfg = Release|Any CPU
		{DCCBC8B7-59FD-4050-A972-D103C175DEE3}.Release|x86.Build.0 = Release|Any CPU
		{9E963637-30D8-4859-8203-76783D0BFDD1}.Debug|Any CPU.ActiveCfg = Debug|Any CPU
		{9E963637-30D8-4859-8203-76783D0BFDD1}.Debug|Any CPU.Build.0 = Debug|Any CPU
		{9E963637-30D8-4859-8203-76783D0BFDD1}.Debug|x64.ActiveCfg = Debug|Any CPU
		{9E963637-30D8-4859-8203-76783D0BFDD1}.Debug|x64.Build.0 = Debug|Any CPU
		{9E963637-30D8-4859-8203-76783D0BFDD1}.Debug|x86.ActiveCfg = Debug|Any CPU
		{9E963637-30D8-4859-8203-76783D0BFDD1}.Debug|x86.Build.0 = Debug|Any CPU
		{9E963637-30D8-4859-8203-76783D0BFDD1}.Release|Any CPU.ActiveCfg = Release|Any CPU
		{9E963637-30D8-4859-8203-76783D0BFDD1}.Release|Any CPU.Build.0 = Release|Any CPU
		{9E963637-30D8-4859-8203-76783D0BFDD1}.Release|x64.ActiveCfg = Release|Any CPU
		{9E963637-30D8-4859-8203-76783D0BFDD1}.Release|x64.Build.0 = Release|Any CPU
		{9E963637-30D8-4859-8203-76783D0BFDD1}.Release|x86.ActiveCfg = Release|Any CPU
		{9E963637-30D8-4859-8203-76783D0BFDD1}.Release|x86.Build.0 = Release|Any CPU
		{27F71A56-F24E-4424-8F8F-67C038A37CC2}.Debug|Any CPU.ActiveCfg = Debug|Any CPU
		{27F71A56-F24E-4424-8F8F-67C038A37CC2}.Debug|Any CPU.Build.0 = Debug|Any CPU
		{27F71A56-F24E-4424-8F8F-67C038A37CC2}.Debug|x64.ActiveCfg = Debug|Any CPU
		{27F71A56-F24E-4424-8F8F-67C038A37CC2}.Debug|x64.Build.0 = Debug|Any CPU
		{27F71A56-F24E-4424-8F8F-67C038A37CC2}.Debug|x86.ActiveCfg = Debug|Any CPU
		{27F71A56-F24E-4424-8F8F-67C038A37CC2}.Debug|x86.Build.0 = Debug|Any CPU
		{27F71A56-F24E-4424-8F8F-67C038A37CC2}.Release|Any CPU.ActiveCfg = Release|Any CPU
		{27F71A56-F24E-4424-8F8F-67C038A37CC2}.Release|Any CPU.Build.0 = Release|Any CPU
		{27F71A56-F24E-4424-8F8F-67C038A37CC2}.Release|x64.ActiveCfg = Release|Any CPU
		{27F71A56-F24E-4424-8F8F-67C038A37CC2}.Release|x64.Build.0 = Release|Any CPU
		{27F71A56-F24E-4424-8F8F-67C038A37CC2}.Release|x86.ActiveCfg = Release|Any CPU
		{27F71A56-F24E-4424-8F8F-67C038A37CC2}.Release|x86.Build.0 = Release|Any CPU
	EndGlobalSection
	GlobalSection(SolutionProperties) = preSolution
		HideSolutionNode = FALSE
	EndGlobalSection
	GlobalSection(NestedProjects) = preSolution
		{ED98C232-A5F2-4DFC-86BF-D63B40BB236A} = {C5C9ED59-4937-4C56-B875-78856A1EA1C9}
		{DCCBC8B7-59FD-4050-A972-D103C175DEE3} = {C5C9ED59-4937-4C56-B875-78856A1EA1C9}
		{9E963637-30D8-4859-8203-76783D0BFDD1} = {089B1A50-EA81-4190-8A76-66D5DF8BAC6E}
		{27F71A56-F24E-4424-8F8F-67C038A37CC2} = {089B1A50-EA81-4190-8A76-66D5DF8BAC6E}
	EndGlobalSection
EndGlobal
